# This file is automatically @generated by Cargo.
# It is not intended for manual editing.
version = 4

[[package]]
name = "cfg-if"
version = "1.0.5"
source = "registry+https://github.com/rust-lang/crates.io-index"
checksum = "4e7648175b45a9a48536d676f68d918270699102aa8dab5496df06904c914600"

[[package]]
name = "crc32fast"
version = "1.5.2"
source = "registry+https://github.com/rust-lang/crates.io-index"
checksum = "01a7799fd6b852db0e61728dde9a204c423b44d689dbd432522543614b490e78"
dependencies = [
 "cfg-if",
]

[[package]]
name = "ppmd-oracle"
version = "0.1.0"
dependencies = [
 "crc32fast",
 "ppmd-rust",
 "ppmd-turbo",
]

[[package]]
name = "ppmd-rust"
version = "1.5.0"
source = "registry+https://github.com/rust-lang/crates.io-index"
checksum = "196a7c80b9a7652aba7cc070827516c2abe4ccdf53d128e1944003cf5726cff1"

[[package]]
name = "ppmd-turbo"
version = "0.1.0"
dependencies = [
 "crc32fast",
]
